
Microsoft Visual Studio Solution File, Format Version 12.00
# Visual Studio Version 16
VisualStudioVersion = 16.0.31328.270
MinimumVisualStudioVersion = 10.0.40219.1
Project("{9A19103F-16F7-4668-BE54-9A1E7A4F7556}") = "Utils", "Utils\Utils.csproj", "{EF0E822B-E725-48D7-8E53-5F5D88B91485}"
EndProject
Project("{9A19103F-16F7-4668-BE54-9A1E7A4F7556}") = "Minimum Lights to Activate", "Minimum Lights to Activate\Minimum Lights to Activate.csproj", "{82C50ADA-91C5-4037-B82B-5EDA5F69D54D}"
EndProject
Project("{9A19103F-16F7-4668-BE54-9A1E7A4F7556}") = "FlipArray", "FlipArray\FlipArray.csproj", "{B5F90A53-2F8B-4CD5-827F-F4F2F18875CA}"
EndProject
Project("{9A19103F-16F7-4668-BE54-9A1E7A4F7556}") = "LargestNumber", "LargestNumber\LargestNumber.csproj", "{964BE9E6-B3ED-458B-95E7-74508F16C6DB}"
EndProject
Project("{9A19103F-16F7-4668-BE54-9A1E7A4F7556}") = "MaxSumContiguousSubArray", "MaxSumContiguousSubArray\MaxSumContiguousSubArray.csproj", "{EBD57765-6AC7-4D8F-BDE8-10BC3F3E7CD0}"
EndProject
Project("{9A19103F-16F7-4668-BE54-9A1E7A4F7556}") = "MaximumAbsoluteDifference", "MaximumAbsoluteDifference\MaximumAbsoluteDifference.csproj", "{D72C549A-F177-49DD-9BE0-D995ACB8E652}"
EndProject
Project("{9A19103F-16F7-4668-BE54-9A1E7A4F7556}") = "MaxSumTriplet", "MaxSumTriplet\MaxSumTriplet.csproj", "{9A7BEC99-254A-420F-BBD9-E152A21913F5}"
EndProject
Project("{9A19103F-16F7-4668-BE54-9A1E7A4F7556}") = "Partitions", "Partitions\Partitions.csproj", "{9CF4569E-163A-4AED-887E-5DA0B929C2AA}"
EndProject
Project("{9A19103F-16F7-4668-BE54-9A1E7A4F7556}") = "MaxAreaOfTriangle", "MaxAreaOfTriangle\MaxAreaOfTriangle.csproj", "{D6605FA8-C10E-4A2D-9DBC-F981760991D9}"
EndProject
Project("{FAE04EC0-301F-11D3-BF4B-00C04F79EFBC}") = "RotateMatrix", "RotateMatrix\RotateMatrix.csproj", "{D74AFA61-17F4-497D-A60C-736C8AE65935}"
EndProject
Project("{FAE04EC0-301F-11D3-BF4B-00C04F79EFBC}") = "Flip", "Flip\Flip.csproj", "{57ECEDEB-DF7E-4F3A-88C6-E786EA43899B}"
EndProject
Project("{FAE04EC0-301F-11D3-BF4B-00C04F79EFBC}") = "NextPermutation", "NextPermutation\NextPermutation.csproj", "{BD50F2EB-2FE6-4F95-8A68-D16F29996B43}"
EndProject
Project("{2150E333-8FDC-42A3-9474-1A3956D46DE8}") = "Arrays", "Arrays", "{114B76F5-C3D6-4C81-BC7B-0122625E36FA}"
EndProject
Project("{2150E333-8FDC-42A3-9474-1A3956D46DE8}") = "ArrayMathAndArrangement", "ArrayMathAndArrangement", "{3C73FE55-945B-4436-ABD5-A46C19B142EE}"
EndProject
Project("{2150E333-8FDC-42A3-9474-1A3956D46DE8}") = "Simulation", "Simulation", "{E8F7E497-2D52-4618-BFBB-73EC948DE745}"
EndProject
Project("{FAE04EC0-301F-11D3-BF4B-00C04F79EFBC}") = "PerfectPeak", "..\Simulation\PerfectPeak\PerfectPeak.csproj", "{DD5F89CC-2933-463D-9E1F-3731BBA299FA}"
EndProject
Project("{FAE04EC0-301F-11D3-BF4B-00C04F79EFBC}") = "KthRowOfPascalTriangle", "..\Simulation\KthRowOfPascalTriangle\KthRowOfPascalTriangle.csproj", "{B6019DE9-148A-422D-BB3F-AA8CE107D173}"
EndProject
Project("{FAE04EC0-301F-11D3-BF4B-00C04F79EFBC}") = "PascalTriangle", "..\Simulation\PascalTriangle\PascalTriangle.csproj", "{AC046FBE-4826-45D6-AA58-3EF8B9C99414}"
EndProject
Project("{FAE04EC0-301F-11D3-BF4B-00C04F79EFBC}") = "AntiDiagonal", "..\Simulation\AntiDiagonal\AntiDiagonal.csproj", "{22A91073-3734-4EFA-A5E4-60D52D2B448B}"
EndProject
Project("{2150E333-8FDC-42A3-9474-1A3956D46DE8}") = "SpaceRecycle", "SpaceRecycle", "{D13423B4-793F-420A-845D-90061A471477}"
EndProject
Project("{FAE04EC0-301F-11D3-BF4B-00C04F79EFBC}") = "FirstMissingInteger", "..\SpaceRecycle\FirstMissingInteger\FirstMissingInteger.csproj", "{14A1038B-83E6-4F99-A0A6-57E1BA369DE4}"
EndProject
Project("{FAE04EC0-301F-11D3-BF4B-00C04F79EFBC}") = "MaximumSUmSubSquare", "..\SpaceRecycle\MaximumSUmSubSquare\MaximumSUmSubSquare.csproj", "{7A38B73B-BABB-4EE2-B34B-56F0256D5389}"
EndProject
Project("{2150E333-8FDC-42A3-9474-1A3956D46DE8}") = "Bucketing", "Bucketing", "{CCCBB2B8-8609-4FEC-829D-9FFD079B8AFA}"
EndProject
Project("{FAE04EC0-301F-11D3-BF4B-00C04F79EFBC}") = "TripletsWithSumBetweenGivenRange", "..\Bucketing\TripletsWithSumBetweenGivenRange\TripletsWithSumBetweenGivenRange.csproj", "{6BAA526F-E5A8-444B-B3A3-F90D48F372D3}"
EndProject
Global
	GlobalSection(SolutionConfigurationPlatforms) = preSolution
		Debug|Any CPU = Debug|Any CPU
		Release|Any CPU = Release|Any CPU
	EndGlobalSection
	GlobalSection(ProjectConfigurationPlatforms) = postSolution
		{EF0E822B-E725-48D7-8E53-5F5D88B91485}.Debug|Any CPU.ActiveCfg = Debug|Any CPU
		{EF0E822B-E725-48D7-8E53-5F5D88B91485}.Debug|Any CPU.Build.0 = Debug|Any CPU
		{EF0E822B-E725-48D7-8E53-5F5D88B91485}.Release|Any CPU.ActiveCfg = Release|Any CPU
		{EF0E822B-E725-48D7-8E53-5F5D88B91485}.Release|Any CPU.Build.0 = Release|Any CPU
		{82C50ADA-91C5-4037-B82B-5EDA5F69D54D}.Debug|Any CPU.ActiveCfg = Debug|Any CPU
		{82C50ADA-91C5-4037-B82B-5EDA5F69D54D}.Debug|Any CPU.Build.0 = Debug|Any CPU
		{82C50ADA-91C5-4037-B82B-5EDA5F69D54D}.Release|Any CPU.ActiveCfg = Release|Any CPU
		{82C50ADA-91C5-4037-B82B-5EDA5F69D54D}.Release|Any CPU.Build.0 = Release|Any CPU
		{B5F90A53-2F8B-4CD5-827F-F4F2F18875CA}.Debug|Any CPU.ActiveCfg = Debug|Any CPU
		{B5F90A53-2F8B-4CD5-827F-F4F2F18875CA}.Debug|Any CPU.Build.0 = Debug|Any CPU
		{B5F90A53-2F8B-4CD5-827F-F4F2F18875CA}.Release|Any CPU.ActiveCfg = Release|Any CPU
		{B5F90A53-2F8B-4CD5-827F-F4F2F18875CA}.Release|Any CPU.Build.0 = Release|Any CPU
		{964BE9E6-B3ED-458B-95E7-74508F16C6DB}.Debug|Any CPU.ActiveCfg = Debug|Any CPU
		{964BE9E6-B3ED-458B-95E7-74508F16C6DB}.Debug|Any CPU.Build.0 = Debug|Any CPU
		{964BE9E6-B3ED-458B-95E7-74508F16C6DB}.Release|Any CPU.ActiveCfg = Release|Any CPU
		{964BE9E6-B3ED-458B-95E7-74508F16C6DB}.Release|Any CPU.Build.0 = Release|Any CPU
		{EBD57765-6AC7-4D8F-BDE8-10BC3F3E7CD0}.Debug|Any CPU.ActiveCfg = Debug|Any CPU
		{EBD57765-6AC7-4D8F-BDE8-10BC3F3E7CD0}.Debug|Any CPU.Build.0 = Debug|Any CPU
		{EBD57765-6AC7-4D8F-BDE8-10BC3F3E7CD0}.Release|Any CPU.ActiveCfg = Release|Any CPU
		{EBD57765-6AC7-4D8F-BDE8-10BC3F3E7CD0}.Release|Any CPU.Build.0 = Release|Any CPU
		{D72C549A-F177-49DD-9BE0-D995ACB8E652}.Debug|Any CPU.ActiveCfg = Debug|Any CPU
		{D72C549A-F177-49DD-9BE0-D995ACB8E652}.Debug|Any CPU.Build.0 = Debug|Any CPU
		{D72C549A-F177-49DD-9BE0-D995ACB8E652}.Release|Any CPU.ActiveCfg = Release|Any CPU
		{D72C549A-F177-49DD-9BE0-D995ACB8E652}.Release|Any CPU.Build.0 = Release|Any CPU
		{9A7BEC99-254A-420F-BBD9-E152A21913F5}.Debug|Any CPU.ActiveCfg = Debug|Any CPU
		{9A7BEC99-254A-420F-BBD9-E152A21913F5}.Debug|Any CPU.Build.0 = Debug|Any CPU
		{9A7BEC99-254A-420F-BBD9-E152A21913F5}.Release|Any CPU.ActiveCfg = Release|Any CPU
		{9A7BEC99-254A-420F-BBD9-E152A21913F5}.Release|Any CPU.Build.0 = Release|Any CPU
		{9CF4569E-163A-4AED-887E-5DA0B929C2AA}.Debug|Any CPU.ActiveCfg = Debug|Any CPU
		{9CF4569E-163A-4AED-887E-5DA0B929C2AA}.Debug|Any CPU.Build.0 = Debug|Any CPU
		{9CF4569E-163A-4AED-887E-5DA0B929C2AA}.Release|Any CPU.ActiveCfg = Release|Any CPU
		{9CF4569E-163A-4AED-887E-5DA0B929C2AA}.Release|Any CPU.Build.0 = Release|Any CPU
		{D6605FA8-C10E-4A2D-9DBC-F981760991D9}.Debug|Any CPU.ActiveCfg = Debug|Any CPU
		{D6605FA8-C10E-4A2D-9DBC-F981760991D9}.Debug|Any CPU.Build.0 = Debug|Any CPU
		{D6605FA8-C10E-4A2D-9DBC-F981760991D9}.Release|Any CPU.ActiveCfg = Release|Any CPU
		{D6605FA8-C10E-4A2D-9DBC-F981760991D9}.Release|Any CPU.Build.0 = Release|Any CPU
		{D74AFA61-17F4-497D-A60C-736C8AE65935}.Debug|Any CPU.ActiveCfg = Debug|Any CPU
		{D74AFA61-17F4-497D-A60C-736C8AE65935}.Debug|Any CPU.Build.0 = Debug|Any CPU
		{D74AFA61-17F4-497D-A60C-736C8AE65935}.Release|Any CPU.ActiveCfg = Release|Any CPU
		{D74AFA61-17F4-497D-A60C-736C8AE65935}.Release|Any CPU.Build.0 = Release|Any CPU
		{57ECEDEB-DF7E-4F3A-88C6-E786EA43899B}.Debug|Any CPU.ActiveCfg = Debug|Any CPU
		{57ECEDEB-DF7E-4F3A-88C6-E786EA43899B}.Debug|Any CPU.Build.0 = Debug|Any CPU
		{57ECEDEB-DF7E-4F3A-88C6-E786EA43899B}.Release|Any CPU.ActiveCfg = Release|Any CPU
		{57ECEDEB-DF7E-4F3A-88C6-E786EA43899B}.Release|Any CPU.Build.0 = Release|Any CPU
		{BD50F2EB-2FE6-4F95-8A68-D16F29996B43}.Debug|Any CPU.ActiveCfg = Debug|Any CPU
		{BD50F2EB-2FE6-4F95-8A68-D16F29996B43}.Debug|Any CPU.Build.0 = Debug|Any CPU
		{BD50F2EB-2FE6-4F95-8A68-D16F29996B43}.Release|Any CPU.ActiveCfg = Release|Any CPU
		{BD50F2EB-2FE6-4F95-8A68-D16F29996B43}.Release|Any CPU.Build.0 = Release|Any CPU
		{DD5F89CC-2933-463D-9E1F-3731BBA299FA}.Debug|Any CPU.ActiveCfg = Debug|Any CPU
		{DD5F89CC-2933-463D-9E1F-3731BBA299FA}.Debug|Any CPU.Build.0 = Debug|Any CPU
		{DD5F89CC-2933-463D-9E1F-3731BBA299FA}.Release|Any CPU.ActiveCfg = Release|Any CPU
		{DD5F89CC-2933-463D-9E1F-3731BBA299FA}.Release|Any CPU.Build.0 = Release|Any CPU
		{B6019DE9-148A-422D-BB3F-AA8CE107D173}.Debug|Any CPU.ActiveCfg = Debug|Any CPU
		{B6019DE9-148A-422D-BB3F-AA8CE107D173}.Debug|Any CPU.Build.0 = Debug|Any CPU
		{B6019DE9-148A-422D-BB3F-AA8CE107D173}.Release|Any CPU.ActiveCfg = Release|Any CPU
		{B6019DE9-148A-422D-BB3F-AA8CE107D173}.Release|Any CPU.Build.0 = Release|Any CPU
		{AC046FBE-4826-45D6-AA58-3EF8B9C99414}.Debug|Any CPU.ActiveCfg = Debug|Any CPU
		{AC046FBE-4826-45D6-AA58-3EF8B9C99414}.Debug|Any CPU.Build.0 = Debug|Any CPU
		{AC046FBE-4826-45D6-AA58-3EF8B9C99414}.Release|Any CPU.ActiveCfg = Release|Any CPU
		{AC046FBE-4826-45D6-AA58-3EF8B9C99414}.Release|Any CPU.Build.0 = Release|Any CPU
		{22A91073-3734-4EFA-A5E4-60D52D2B448B}.Debug|Any CPU.ActiveCfg = Debug|Any CPU
		{22A91073-3734-4EFA-A5E4-60D52D2B448B}.Debug|Any CPU.Build.0 = Debug|Any CPU
		{22A91073-3734-4EFA-A5E4-60D52D2B448B}.Release|Any CPU.ActiveCfg = Release|Any CPU
		{22A91073-3734-4EFA-A5E4-60D52D2B448B}.Release|Any CPU.Build.0 = Release|Any CPU
		{14A1038B-83E6-4F99-A0A6-57E1BA369DE4}.Debug|Any CPU.ActiveCfg = Debug|Any CPU
		{14A1038B-83E6-4F99-A0A6-57E1BA369DE4}.Debug|Any CPU.Build.0 = Debug|Any CPU
		{14A1038B-83E6-4F99-A0A6-57E1BA369DE4}.Release|Any CPU.ActiveCfg = Release|Any CPU
		{14A1038B-83E6-4F99-A0A6-57E1BA369DE4}.Release|Any CPU.Build.0 = Release|Any CPU
		{7A38B73B-BABB-4EE2-B34B-56F0256D5389}.Debug|Any CPU.ActiveCfg = Debug|Any CPU
		{7A38B73B-BABB-4EE2-B34B-56F0256D5389}.Debug|Any CPU.Build.0 = Debug|Any CPU
		{7A38B73B-BABB-4EE2-B34B-56F0256D5389}.Release|Any CPU.ActiveCfg = Release|Any CPU
		{7A38B73B-BABB-4EE2-B34B-56F0256D5389}.Release|Any CPU.Build.0 = Release|Any CPU
		{6BAA526F-E5A8-444B-B3A3-F90D48F372D3}.Debug|Any CPU.ActiveCfg = Debug|Any CPU
		{6BAA526F-E5A8-444B-B3A3-F90D48F372D3}.Debug|Any CPU.Build.0 = Debug|Any CPU
		{6BAA526F-E5A8-444B-B3A3-F90D48F372D3}.Release|Any CPU.ActiveCfg = Release|Any CPU
		{6BAA526F-E5A8-444B-B3A3-F90D48F372D3}.Release|Any CPU.Build.0 = Release|Any CPU
	EndGlobalSection
	GlobalSection(SolutionProperties) = preSolution
		HideSolutionNode = FALSE
	EndGlobalSection
	GlobalSection(ExtensibilityGlobals) = postSolution
		SolutionGuid = {630E8512-221E-4BC5-A77E-0BCC0008B731}
	EndGlobalSection
	GlobalSection(NestedProjects) = preSolution
		{57ECEDEB-DF7E-4F3A-88C6-E786EA43899B} = {3C73FE55-945B-4436-ABD5-A46C19B142EE}
		{B5F90A53-2F8B-4CD5-827F-F4F2F18875CA} = {3C73FE55-945B-4436-ABD5-A46C19B142EE}
		{964BE9E6-B3ED-458B-95E7-74508F16C6DB} = {3C73FE55-945B-4436-ABD5-A46C19B142EE}
		{D6605FA8-C10E-4A2D-9DBC-F981760991D9} = {3C73FE55-945B-4436-ABD5-A46C19B142EE}
		{D72C549A-F177-49DD-9BE0-D995ACB8E652} = {3C73FE55-945B-4436-ABD5-A46C19B142EE}
		{EBD57765-6AC7-4D8F-BDE8-10BC3F3E7CD0} = {3C73FE55-945B-4436-ABD5-A46C19B142EE}
		{9A7BEC99-254A-420F-BBD9-E152A21913F5} = {3C73FE55-945B-4436-ABD5-A46C19B142EE}
		{82C50ADA-91C5-4037-B82B-5EDA5F69D54D} = {3C73FE55-945B-4436-ABD5-A46C19B142EE}
		{BD50F2EB-2FE6-4F95-8A68-D16F29996B43} = {3C73FE55-945B-4436-ABD5-A46C19B142EE}
		{9CF4569E-163A-4AED-887E-5DA0B929C2AA} = {3C73FE55-945B-4436-ABD5-A46C19B142EE}
		{D74AFA61-17F4-497D-A60C-736C8AE65935} = {3C73FE55-945B-4436-ABD5-A46C19B142EE}
		{3C73FE55-945B-4436-ABD5-A46C19B142EE} = {114B76F5-C3D6-4C81-BC7B-0122625E36FA}
		{E8F7E497-2D52-4618-BFBB-73EC948DE745} = {114B76F5-C3D6-4C81-BC7B-0122625E36FA}
		{DD5F89CC-2933-463D-9E1F-3731BBA299FA} = {E8F7E497-2D52-4618-BFBB-73EC948DE745}
		{B6019DE9-148A-422D-BB3F-AA8CE107D173} = {E8F7E497-2D52-4618-BFBB-73EC948DE745}
		{AC046FBE-4826-45D6-AA58-3EF8B9C99414} = {E8F7E497-2D52-4618-BFBB-73EC948DE745}
		{22A91073-3734-4EFA-A5E4-60D52D2B448B} = {E8F7E497-2D52-4618-BFBB-73EC948DE745}
		{D13423B4-793F-420A-845D-90061A471477} = {114B76F5-C3D6-4C81-BC7B-0122625E36FA}
		{14A1038B-83E6-4F99-A0A6-57E1BA369DE4} = {D13423B4-793F-420A-845D-90061A471477}
		{7A38B73B-BABB-4EE2-B34B-56F0256D5389} = {D13423B4-793F-420A-845D-90061A471477}
		{CCCBB2B8-8609-4FEC-829D-9FFD079B8AFA} = {114B76F5-C3D6-4C81-BC7B-0122625E36FA}
		{6BAA526F-E5A8-444B-B3A3-F90D48F372D3} = {CCCBB2B8-8609-4FEC-829D-9FFD079B8AFA}
	EndGlobalSection
EndGlobal
